
Microsoft Visual Studio Solution File, Format Version 12.00
# Visual Studio 14
VisualStudioVersion = 14.0.25420.1
MinimumVisualStudioVersion = 10.0.40219.1
Project("{FAE04EC0-301F-11D3-BF4B-00C04F79EFBC}") = "SignupWithLogin", "SignupWithLogin\SignupWithLogin.csproj", "{C24EEF68-2587-49E0-96AD-0A99F895AF85}"
EndProject
Project("{FAE04EC0-301F-11D3-BF4B-00C04F79EFBC}") = "WebAPICrud", "..\..\ASP.NEt\WebAPICrud\WebAPICrud\WebAPICrud.csproj", "{81EC6984-09FF-4FCA-B16C-754C3231311C}"
EndProject
Global
	GlobalSection(SolutionConfigurationPlatforms) = preSolution
		Debug|Any CPU = Debug|Any CPU
		Release|Any CPU = Release|Any CPU
	EndGlobalSection
	GlobalSection(ProjectConfigurationPlatforms) = postSolution
		{C24EEF68-2587-49E0-96AD-0A99F895AF85}.Debug|Any CPU.ActiveCfg = Debug|Any CPU
		{C24EEF68-2587-49E0-96AD-0A99F895AF85}.Debug|Any CPU.Build.0 = Debug|Any CPU
		{C24EEF68-2587-49E0-96AD-0A99F895AF85}.Release|Any CPU.ActiveCfg = Release|Any CPU
		{C24EEF68-2587-49E0-96AD-0A99F895AF85}.Release|Any CPU.Build.0 = Release|Any CPU
		{81EC6984-09FF-4FCA-B16C-754C3231311C}.Debug|Any CPU.ActiveCfg = Debug|Any CPU
		{81EC6984-09FF-4FCA-B16C-754C3231311C}.Debug|Any CPU.Build.0 = Debug|Any CPU
		{81EC6984-09FF-4FCA-B16C-754C3231311C}.Release|Any CPU.ActiveCfg = Release|Any CPU
		{81EC6984-09FF-4FCA-B16C-754C3231311C}.Release|Any CPU.Build.0 = Release|Any CPU
	EndGlobalSection
	GlobalSection(SolutionProperties) = preSolution
		HideSolutionNode = FALSE
	EndGlobalSection
EndGlobal
